
Microsoft Visual Studio Solution File, Format Version 12.00
# Visual Studio 15
VisualStudioVersion = 15.0.27703.2042
MinimumVisualStudioVersion = 10.0.40219.1
Project("{FAE04EC0-301F-11D3-BF4B-00C04F79EFBC}") = "ratosSystem", "ratosSystem\ratosSystem.csproj", "{E77B43E8-0C62-4FAE-BD13-501D8E3D1D94}"
EndProject
Global
	GlobalSection(SolutionConfigurationPlatforms) = preSolution
		Debug|Any CPU = Debug|Any CPU
		Release|Any CPU = Release|Any CPU
	EndGlobalSection
	GlobalSection(ProjectConfigurationPlatforms) = postSolution
		{E77B43E8-0C62-4FAE-BD13-501D8E3D1D94}.Debug|Any CPU.ActiveCfg = Debug|Any CPU
		{E77B43E8-0C62-4FAE-BD13-501D8E3D1D94}.Debug|Any CPU.Build.0 = Debug|Any CPU
		{E77B43E8-0C62-4FAE-BD13-501D8E3D1D94}.Release|Any CPU.ActiveCfg = Release|Any CPU
		{E77B43E8-0C62-4FAE-BD13-501D8E3D1D94}.Release|Any CPU.Build.0 = Release|Any CPU
	EndGlobalSection
	GlobalSection(SolutionProperties) = preSolution
		HideSolutionNode = FALSE
	EndGlobalSection
	GlobalSection(ExtensibilityGlobals) = postSolution
		SolutionGuid = {0D481910-0BC2-4BB8-9770-BFB6FA93E34A}
	EndGlobalSection
EndGlobal
